
Microsoft Visual Studio Solution File, Format Version 12.00
# Visual Studio Version 16
VisualStudioVersion = 16.0.31829.152
MinimumVisualStudioVersion = 10.0.40219.1
Project("{9A19103F-16F7-4668-BE54-9A1E7A4F7556}") = "CarRentalManagement.Server", "CarRentalManagement\Server\CarRentalManagement.Server.csproj", "{463ED198-5F3E-409B-A47E-CEDE13EAE914}"
EndProject
Project("{9A19103F-16F7-4668-BE54-9A1E7A4F7556}") = "CarRentalManagement.Client", "CarRentalManagement\Client\CarRentalManagement.Client.csproj", "{B6BDFDA9-5318-4314-9F83-C01BE726E2E4}"
EndProject
Project("{9A19103F-16F7-4668-BE54-9A1E7A4F7556}") = "CarRentalManagement.Shared", "CarRentalManagement\Shared\CarRentalManagement.Shared.csproj", "{45117B7C-746A-42A3-945D-1CF9696BF126}"
EndProject
Global
	GlobalSection(SolutionConfigurationPlatforms) = preSolution
		Debug|Any CPU = Debug|Any CPU
		Release|Any CPU = Release|Any CPU
	EndGlobalSection
	GlobalSection(ProjectConfigurationPlatforms) = postSolution
		{463ED198-5F3E-409B-A47E-CEDE13EAE914}.Debug|Any CPU.ActiveCfg = Debug|Any CPU
		{463ED198-5F3E-409B-A47E-CEDE13EAE914}.Debug|Any CPU.Build.0 = Debug|Any CPU
		{463ED198-5F3E-409B-A47E-CEDE13EAE914}.Release|Any CPU.ActiveCfg = Release|Any CPU
		{463ED198-5F3E-409B-A47E-CEDE13EAE914}.Release|Any CPU.Build.0 = Release|Any CPU
		{B6BDFDA9-5318-4314-9F83-C01BE726E2E4}.Debug|Any CPU.ActiveCfg = Debug|Any CPU
		{B6BDFDA9-5318-4314-9F83-C01BE726E2E4}.Debug|Any CPU.Build.0 = Debug|Any CPU
		{B6BDFDA9-5318-4314-9F83-C01BE726E2E4}.Release|Any CPU.ActiveCfg = Release|Any CPU
		{B6BDFDA9-5318-4314-9F83-C01BE726E2E4}.Release|Any CPU.Build.0 = Release|Any CPU
		{45117B7C-746A-42A3-945D-1CF9696BF126}.Debug|Any CPU.ActiveCfg = Debug|Any CPU
		{45117B7C-746A-42A3-945D-1CF9696BF126}.Debug|Any CPU.Build.0 = Debug|Any CPU
		{45117B7C-746A-42A3-945D-1CF9696BF126}.Release|Any CPU.ActiveCfg = Release|Any CPU
		{45117B7C-746A-42A3-945D-1CF9696BF126}.Release|Any CPU.Build.0 = Release|Any CPU
	EndGlobalSection
	GlobalSection(SolutionProperties) = preSolution
		HideSolutionNode = FALSE
	EndGlobalSection
	GlobalSection(ExtensibilityGlobals) = postSolution
		SolutionGuid = {3B19C4FC-5282-41B2-AEB4-9A63CF12BE5D}
	EndGlobalSection
EndGlobal
